
Microsoft Visual Studio Solution File, Format Version 12.00
# Visual Studio Version 16
VisualStudioVersion = 16.0.30225.117
MinimumVisualStudioVersion = 10.0.40219.1
Project("{9A19103F-16F7-4668-BE54-9A1E7A4F7556}") = "Hjg.Pngcs", "Hjg.Pngcs\Hjg.Pngcs.csproj", "{FD3B0D50-46B3-4A83-9A6D-C641569142CF}"
EndProject
Project("{FAE04EC0-301F-11D3-BF4B-00C04F79EFBC}") = "SamplesTests", "SamplesTests\SamplesTests.csproj", "{BDDE63D8-6FF6-4CDE-89C8-DAC83D40BB25}"
EndProject
Global
	GlobalSection(SolutionConfigurationPlatforms) = preSolution
		Debug|Any CPU = Debug|Any CPU
		Debug45|Any CPU = Debug45|Any CPU
		DebugStandard|Any CPU = DebugStandard|Any CPU
		Release|Any CPU = Release|Any CPU
		Release45|Any CPU = Release45|Any CPU
		ReleaseStandard|Any CPU = ReleaseStandard|Any CPU
	EndGlobalSection
	GlobalSection(ProjectConfigurationPlatforms) = postSolution
		{FD3B0D50-46B3-4A83-9A6D-C641569142CF}.Debug|Any CPU.ActiveCfg = Debug|Any CPU
		{FD3B0D50-46B3-4A83-9A6D-C641569142CF}.Debug|Any CPU.Build.0 = Debug|Any CPU
		{FD3B0D50-46B3-4A83-9A6D-C641569142CF}.Debug45|Any CPU.ActiveCfg = Debug45|Any CPU
		{FD3B0D50-46B3-4A83-9A6D-C641569142CF}.Debug45|Any CPU.Build.0 = Debug45|Any CPU
		{FD3B0D50-46B3-4A83-9A6D-C641569142CF}.DebugStandard|Any CPU.ActiveCfg = DebugStandard|Any CPU
		{FD3B0D50-46B3-4A83-9A6D-C641569142CF}.DebugStandard|Any CPU.Build.0 = DebugStandard|Any CPU
		{FD3B0D50-46B3-4A83-9A6D-C641569142CF}.Release|Any CPU.ActiveCfg = Release|Any CPU
		{FD3B0D50-46B3-4A83-9A6D-C641569142CF}.Release|Any CPU.Build.0 = Release|Any CPU
		{FD3B0D50-46B3-4A83-9A6D-C641569142CF}.Release45|Any CPU.ActiveCfg = Release45|Any CPU
		{FD3B0D50-46B3-4A83-9A6D-C641569142CF}.Release45|Any CPU.Build.0 = Release45|Any CPU
		{FD3B0D50-46B3-4A83-9A6D-C641569142CF}.ReleaseStandard|Any CPU.ActiveCfg = ReleaseStandard|Any CPU
		{FD3B0D50-46B3-4A83-9A6D-C641569142CF}.ReleaseStandard|Any CPU.Build.0 = ReleaseStandard|Any CPU
		{BDDE63D8-6FF6-4CDE-89C8-DAC83D40BB25}.Debug|Any CPU.ActiveCfg = Debug|Any CPU
		{BDDE63D8-6FF6-4CDE-89C8-DAC83D40BB25}.Debug|Any CPU.Build.0 = Debug|Any CPU
		{BDDE63D8-6FF6-4CDE-89C8-DAC83D40BB25}.Debug45|Any CPU.ActiveCfg = Debug|Any CPU
		{BDDE63D8-6FF6-4CDE-89C8-DAC83D40BB25}.Debug45|Any CPU.Build.0 = Debug|Any CPU
		{BDDE63D8-6FF6-4CDE-89C8-DAC83D40BB25}.DebugStandard|Any CPU.ActiveCfg = Debug|Any CPU
		{BDDE63D8-6FF6-4CDE-89C8-DAC83D40BB25}.DebugStandard|Any CPU.Build.0 = Debug|Any CPU
		{BDDE63D8-6FF6-4CDE-89C8-DAC83D40BB25}.Release|Any CPU.ActiveCfg = Release|Any CPU
		{BDDE63D8-6FF6-4CDE-89C8-DAC83D40BB25}.Release|Any CPU.Build.0 = Release|Any CPU
		{BDDE63D8-6FF6-4CDE-89C8-DAC83D40BB25}.Release45|Any CPU.ActiveCfg = Release|Any CPU
		{BDDE63D8-6FF6-4CDE-89C8-DAC83D40BB25}.Release45|Any CPU.Build.0 = Release|Any CPU
		{BDDE63D8-6FF6-4CDE-89C8-DAC83D40BB25}.ReleaseStandard|Any CPU.ActiveCfg = Release|Any CPU
		{BDDE63D8-6FF6-4CDE-89C8-DAC83D40BB25}.ReleaseStandard|Any CPU.Build.0 = Release|Any CPU
	EndGlobalSection
	GlobalSection(SolutionProperties) = preSolution
		HideSolutionNode = FALSE
	EndGlobalSection
	GlobalSection(ExtensibilityGlobals) = postSolution
		SolutionGuid = {A60FABFA-808F-47A6-9354-DF6A94711D5B}
	EndGlobalSection
EndGlobal
